// !$*UTF8*$!
{
	archiveVersion = 1;
	classes = {
	};
	objectVersion = 46;
	objects = {

/* Begin PBXBuildFile section */
		8660A4621DE1B38F00F14120 /* AppDelegate.swift in Sources */ = {isa = PBXBuildFile; fileRef = 8660A4611DE1B38F00F14120 /* AppDelegate.swift */; };
		8660A4641DE1B38F00F14120 /* ViewController.swift in Sources */ = {isa = PBXBuildFile; fileRef = 8660A4631DE1B38F00F14120 /* ViewController.swift */; };
		8660A4671DE1B38F00F14120 /* Main.storyboard in Resources */ = {isa = PBXBuildFile; fileRef = 8660A4651DE1B38F00F14120 /* Main.storyboard */; };
		8660A4691DE1B38F00F14120 /* Assets.xcassets in Resources */ = {isa = PBXBuildFile; fileRef = 8660A4681DE1B38F00F14120 /* Assets.xcassets */; };
		8660A46C1DE1B38F00F14120 /* LaunchScreen.storyboard in Resources */ = {isa = PBXBuildFile; fileRef = 8660A46A1DE1B38F00F14120 /* LaunchScreen.storyboard */; };
		8C00D161CE9CEB8D216B636B /* libPods-MapDemo.a in Frameworks */ = {isa = PBXBuildFile; fileRef = 7D47789BF72364D849A0D2E8 /* libPods-MapDemo.a */; };
/* End PBXBuildFile section */

/* Begin PBXFileReference section */
		5D2F553E90A146F5E2447B24 /* Pods-MapDemo.release.xcconfig */ = {isa = PBXFileReference; includeInIndex = 1; lastKnownFileType = text.xcconfig; name = "Pods-MapDemo.release.xcconfig"; path = "Pods/Target Support Files/Pods-MapDemo/Pods-MapDemo.release.xcconfig"; sourceTree = "<group>"; };
		7D47789BF72364D849A0D2E8 /* libPods-MapDemo.a */ = {isa = PBXFileReference; explicitFileType = archive.ar; includeInIndex = 0; path = "libPods-MapDemo.a"; sourceTree = BUILT_PRODUCTS_DIR; };
		8660A45E1DE1B38F00F14120 /* MapDemo.app */ = {isa = PBXFileReference; explicitFileType = wrapper.application; includeInIndex = 0; path = MapDemo.app; sourceTree = BUILT_PRODUCTS_DIR; };
		8660A4611DE1B38F00F14120 /* AppDelegate.swift */ = {isa = PBXFileReference; lastKnownFileType = sourcecode.swift; path = AppDelegate.swift; sourceTree = "<group>"; };
		8660A4631DE1B38F00F14120 /* ViewController.swift */ = {isa = PBXFileReference; lastKnownFileType = sourcecode.swift; path = ViewController.swift; sourceTree = "<group>"; };
		8660A4661DE1B38F00F14120 /* Base */ = {isa = PBXFileReference; lastKnownFileType = file.storyboard; name = Base; path = Base.lproj/Main.storyboard; sourceTree = "<group>"; };
		8660A4681DE1B38F00F14120 /* Assets.xcassets */ = {isa = PBXFileReference; lastKnownFileType = folder.assetcatalog; path = Assets.xcassets; sourceTree = "<group>"; };
		8660A46B1DE1B38F00F14120 /* Base */ = {isa = PBXFileReference; lastKnownFileType = file.storyboard; name = Base; path = Base.lproj/LaunchScreen.storyboard; sourceTree = "<group>"; };
		8660A46D1DE1B38F00F14120 /* Info.plist */ = {isa = PBXFileReference; lastKnownFileType = text.plist.xml; path = Info.plist; sourceTree = "<group>"; };
		F5F619F27A90FB360DB67051 /* Pods-MapDemo.debug.xcconfig */ = {isa = PBXFileReference; includeInIndex = 1; lastKnownFileType = text.xcconfig; name = "Pods-MapDemo.debug.xcconfig"; path = "Pods/Target Support Files/Pods-MapDemo/Pods-MapDemo.debug.xcconfig"; sourceTree = "<group>"; };
/* End PBXFileReference section */

/* Begin PBXFrameworksBuildPhase section */
		8660A45B1DE1B38F00F14120 /* Frameworks */ = {
			isa = PBXFrameworksBuildPhase;
			buildActionMask = 2147483647;
			files = (
				8C00D161CE9CEB8D216B636B /* libPods-MapDemo.a in Frameworks */,
			);
			runOnlyForDeploymentPostprocessing = 0;
		};
/* End PBXFrameworksBuildPhase section */

/* Begin PBXGroup section */
		1DD103C96306FD67C6A98389 /* Frameworks */ = {
			isa = PBXGroup;
			children = (
				7D47789BF72364D849A0D2E8 /* libPods-MapDemo.a */,
			);
			name = Frameworks;
			sourceTree = "<group>";
		};
		80EA40B9EA02245C05D6E697 /* Pods */ = {
			isa = PBXGroup;
			children = (
				F5F619F27A90FB360DB67051 /* Pods-MapDemo.debug.xcconfig */,
				5D2F553E90A146F5E2447B24 /* Pods-MapDemo.release.xcconfig */,
			);
			name = Pods;
			sourceTree = "<group>";
		};
		8660A4551DE1B38F00F14120 = {
			isa = PBXGroup;
			children = (
				8660A4601DE1B38F00F14120 /* MapDemo */,
				8660A45F1DE1B38F00F14120 /* Products */,
				80EA40B9EA02245C05D6E697 /* Pods */,
				1DD103C96306FD67C6A98389 /* Frameworks */,
			);
			sourceTree = "<group>";
		};
		8660A45F1DE1B38F00F14120 /* Products */ = {
			isa = PBXGroup;
			children = (
				8660A45E1DE1B38F00F14120 /* MapDemo.app */,
			);
			name = Products;
			sourceTree = "<group>";
		};
		8660A4601DE1B38F00F14120 /* MapDemo */ = {
			isa = PBXGroup;
			children = (
				8660A4611DE1B38F00F14120 /* AppDelegate.swift */,
				8660A4631DE1B38F00F14120 /* ViewController.swift */,
				8660A4651DE1B38F00F14120 /* Main.storyboard */,
				8660A4681DE1B38F00F14120 /* Assets.xcassets */,
				8660A46A1DE1B38F00F14120 /* LaunchScreen.storyboard */,
				8660A46D1DE1B38F00F14120 /* Info.plist */,
			);
			path = MapDemo;
			sourceTree = "<group>";
		};
/* End PBXGroup section */

/* Begin PBXNativeTarget section */
		8660A45D1DE1B38F00F14120 /* MapDemo */ = {
			isa = PBXNativeTarget;
			buildConfigurationList = 8660A4701DE1B38F00F14120 /* Build configuration list for PBXNativeTarget "MapDemo" */;
			buildPhases = (
				5BE808BD29BC3775FE863293 /* [CP] Check Pods Manifest.lock */,
				8660A45A1DE1B38F00F14120 /* Sources */,
				8660A45B1DE1B38F00F14120 /* Frameworks */,
				8660A45C1DE1B38F00F14120 /* Resources */,
				C877BE54F3F4CFBAADDCFCBC /* [CP] Embed Pods Frameworks */,
				7880DFB136DB665F80C42447 /* [CP] Copy Pods Resources */,
			);
			buildRules = (
			);
			dependencies = (
			);
			name = MapDemo;
			productName = MapDemo;
			productReference = 8660A45E1DE1B38F00F14120 /* MapDemo.app */;
			productType = "com.apple.product-type.application";
		};
/* End PBXNativeTarget section */

/* Begin PBXProject section */
		8660A4561DE1B38F00F14120 /* Project object */ = {
			isa = PBXProject;
			attributes = {
				LastSwiftUpdateCheck = 0810;
				LastUpgradeCheck = 0810;
				ORGANIZATIONNAME = "Nguyen Quang Ngoc Tan";
				TargetAttributes = {
					8660A45D1DE1B38F00F14120 = {
						CreatedOnToolsVersion = 8.1;
						DevelopmentTeam = V7Z27TG6NM;
						ProvisioningStyle = Automatic;
					};
				};
			};
			buildConfigurationList = 8660A4591DE1B38F00F14120 /* Build configuration list for PBXProject "MapDemo" */;
			compatibilityVersion = "Xcode 3.2";
			developmentRegion = English;
			hasScannedForEncodings = 0;
			knownRegions = (
				en,
				Base,
			);
			mainGroup = 8660A4551DE1B38F00F14120;
			productRefGroup = 8660A45F1DE1B38F00F14120 /* Products */;
			projectDirPath = "";
			projectRoot = "";
			targets = (
				8660A45D1DE1B38F00F14120 /* MapDemo */,
			);
		};
/* End PBXProject section */

/* Begin PBXResourcesBuildPhase section */
		8660A45C1DE1B38F00F14120 /* Resources */ = {
			isa = PBXResourcesBuildPhase;
			buildActionMask = 2147483647;
			files = (
				8660A46C1DE1B38F00F14120 /* LaunchScreen.storyboard in Resources */,
				8660A4691DE1B38F00F14120 /* Assets.xcassets in Resources */,
				8660A4671DE1B38F00F14120 /* Main.storyboard in Resources */,
			);
			runOnlyForDeploymentPostprocessing = 0;
		};
/* End PBXResourcesBuildPhase section */

/* Begin PBXShellScriptBuildPhase section */
		5BE808BD29BC3775FE863293 /* [CP] Check Pods Manifest.lock */ = {
			isa = PBXShellScriptBuildPhase;
			buildActionMask = 2147483647;
			files = (
			);
			inputPaths = (
			);
			name = "[CP] Check Pods Manifest.lock";
			outputPaths = (
			);
			runOnlyForDeploymentPostprocessing = 0;
			shellPath = /bin/sh;
			shellScript = "diff \"${PODS_ROOT}/../Podfile.lock\" \"${PODS_ROOT}/Manifest.lock\" > /dev/null\nif [ $? != 0 ] ; then\n    # print error to STDERR\n    echo \"error: The sandbox is not in sync with the Podfile.lock. Run 'pod install' or update your CocoaPods installation.\" >&2\n    exit 1\nfi\n";
			showEnvVarsInLog = 0;
		};
		7880DFB136DB665F80C42447 /* [CP] Copy Pods Resources */ = {
			isa = PBXShellScriptBuildPhase;
			buildActionMask = 2147483647;
			files = (
			);
			inputPaths = (
			);
			name = "[CP] Copy Pods Resources";
			outputPaths = (
			);
			runOnlyForDeploymentPostprocessing = 0;
			shellPath = /bin/sh;
			shellScript = "\"${SRCROOT}/Pods/Target Support Files/Pods-MapDemo/Pods-MapDemo-resources.sh\"\n";
			showEnvVarsInLog = 0;
		};
		C877BE54F3F4CFBAADDCFCBC /* [CP] Embed Pods Frameworks */ = {
			isa = PBXShellScriptBuildPhase;
			buildActionMask = 2147483647;
			files = (
			);
			inputPaths = (
			);
			name = "[CP] Embed Pods Frameworks";
			outputPaths = (
			);
			runOnlyForDeploymentPostprocessing = 0;
			shellPath = /bin/sh;
			shellScript = "\"${SRCROOT}/Pods/Target Support Files/Pods-MapDemo/Pods-MapDemo-frameworks.sh\"\n";
			showEnvVarsInLog = 0;
		};
/* End PBXShellScriptBuildPhase section */

/* Begin PBXSourcesBuildPhase section */
		8660A45A1DE1B38F00F14120 /* Sources */ = {
			isa = PBXSourcesBuildPhase;
			buildActionMask = 2147483647;
			files = (
				8660A4641DE1B38F00F14120 /* ViewController.swift in Sources */,
				8660A4621DE1B38F00F14120 /* AppDelegate.swift in Sources */,
			);
			runOnlyForDeploymentPostprocessing = 0;
		};
/* End PBXSourcesBuildPhase section */

/* Begin PBXVariantGroup section */
		8660A4651DE1B38F00F14120 /* Main.storyboard */ = {
			isa = PBXVariantGroup;
			children = (
				8660A4661DE1B38F00F14120 /* Base */,
			);
			name = Main.storyboard;
			sourceTree = "<group>";
		};
		8660A46A1DE1B38F00F14120 /* LaunchScreen.storyboard */ = {
			isa = PBXVariantGroup;
			children = (
				8660A46B1DE1B38F00F14120 /* Base */,
			);
			name = LaunchScreen.storyboard;
			sourceTree = "<group>";
		};
/* End PBXVariantGroup section */

/* Begin XCBuildConfiguration section */
		8660A46E1DE1B38F00F14120 /* Debug */ = {
			isa = XCBuildConfiguration;
			buildSettings = {
				ALWAYS_SEARCH_USER_PATHS = NO;
				CLANG_ANALYZER_NONNULL = YES;
				CLANG_CXX_LANGUAGE_STANDARD = "gnu++0x";
				CLANG_CXX_LIBRARY = "libc++";
				CLANG_ENABLE_MODULES = YES;
				CLANG_ENABLE_OBJC_ARC = YES;
				CLANG_WARN_BOOL_CONVERSION = YES;
				CLANG_WARN_CONSTANT_CONVERSION = YES;
				CLANG_WARN_DIRECT_OBJC_ISA_USAGE = YES_ERROR;
				CLANG_WARN_DOCUMENTATION_COMMENTS = YES;
				CLANG_WARN_EMPTY_BODY = YES;
				CLANG_WARN_ENUM_CONVERSION = YES;
				CLANG_WARN_INFINITE_RECURSION = YES;
				CLANG_WARN_INT_CONVERSION = YES;
				CLANG_WARN_OBJC_ROOT_CLASS = YES_ERROR;
				CLANG_WARN_SUSPICIOUS_MOVES = YES;
				CLANG_WARN_UNREACHABLE_CODE = YES;
				CLANG_WARN__DUPLICATE_METHOD_MATCH = YES;
				"CODE_SIGN_IDENTITY[sdk=iphoneos*]" = "iPhone Developer";
				COPY_PHASE_STRIP = NO;
				DEBUG_INFORMATION_FORMAT = dwarf;
				ENABLE_STRICT_OBJC_MSGSEND = YES;
				ENABLE_TESTABILITY = YES;
				GCC_C_LANGUAGE_STANDARD = gnu99;
				GCC_DYNAMIC_NO_PIC = NO;
				GCC_NO_COMMON_BLOCKS = YES;
				GCC_OPTIMIZATION_LEVEL = 0;
				GCC_PREPROCESSOR_DEFINITIONS = (
					"DEBUG=1",
					"$(inherited)",
				);
				GCC_WARN_64_TO_32_BIT_CONVERSION = YES;
				GCC_WARN_ABOUT_RETURN_TYPE = YES_ERROR;
				GCC_WARN_UNDECLARED_SELECTOR = YES;
				GCC_WARN_UNINITIALIZED_AUTOS = YES_AGGRESSIVE;
				GCC_WARN_UNUSED_FUNCTION = YES;
				GCC_WARN_UNUSED_VARIABLE = YES;
				IPHONEOS_DEPLOYMENT_TARGET = 10.1;
				MTL_ENABLE_DEBUG_INFO = YES;
				ONLY_ACTIVE_ARCH = YES;
				SDKROOT = iphoneos;
				SWIFT_ACTIVE_COMPILATION_CONDITIONS = DEBUG;
				SWIFT_OPTIMIZATION_LEVEL = "-Onone";
				TARGETED_DEVICE_FAMILY = "1,2";
			};
			name = Debug;
		};
		8660A46F1DE1B38F00F14120 /* Release */ = {
			isa = XCBuildConfiguration;
			buildSettings = {
				ALWAYS_SEARCH_USER_PATHS = NO;
				CLANG_ANALYZER_NONNULL = YES;
				CLANG_CXX_LANGUAGE_STANDARD = "gnu++0x";
				CLANG_CXX_LIBRARY = "libc++";
				CLANG_ENABLE_MODULES = YES;
				CLANG_ENABLE_OBJC_ARC = YES;
				CLANG_WARN_BOOL_CONVERSION = YES;
				CLANG_WARN_CONSTANT_CONVERSION = YES;
				CLANG_WARN_DIRECT_OBJC_ISA_USAGE = YES_ERROR;
				CLANG_WARN_DOCUMENTATION_COMMENTS = YES;
				CLANG_WARN_EMPTY_BODY = YES;
				CLANG_WARN_ENUM_CONVERSION = YES;
				CLANG_WARN_INFINITE_RECURSION = YES;
				CLANG_WARN_INT_CONVERSION = YES;
				CLANG_WARN_OBJC_ROOT_CLASS = YES_ERROR;
				CLANG_WARN_SUSPICIOUS_MOVES = YES;
				CLANG_WARN_UNREACHABLE_CODE = YES;
				CLANG_WARN__DUPLICATE_METHOD_MATCH = YES;
				"CODE_SIGN_IDENTITY[sdk=iphoneos*]" = "iPhone Developer";
				COPY_PHASE_STRIP = NO;
				DEBUG_INFORMATION_FORMAT = "dwarf-with-dsym";
				ENABLE_NS_ASSERTIONS = NO;
				ENABLE_STRICT_OBJC_MSGSEND = YES;
				GCC_C_LANGUAGE_STANDARD = gnu99;
				GCC_NO_COMMON_BLOCKS = YES;
				GCC_WARN_64_TO_32_BIT_CONVERSION = YES;
				GCC_WARN_ABOUT_RETURN_TYPE = YES_ERROR;
				GCC_WARN_UNDECLARED_SELECTOR = YES;
				GCC_WARN_UNINITIALIZED_AUTOS = YES_AGGRESSIVE;
				GCC_WARN_UNUSED_FUNCTION = YES;
				GCC_WARN_UNUSED_VARIABLE = YES;
				IPHONEOS_DEPLOYMENT_TARGET = 10.1;
				MTL_ENABLE_DEBUG_INFO = NO;
				SDKROOT = iphoneos;
				SWIFT_OPTIMIZATION_LEVEL = "-Owholemodule";
				TARGETED_DEVICE_FAMILY = "1,2";
				VALIDATE_PRODUCT = YES;
			};
			name = Release;
		};
		8660A4711DE1B38F00F14120 /* Debug */ = {
			isa = XCBuildConfiguration;
			baseConfigurationReference = F5F619F27A90FB360DB67051 /* Pods-MapDemo.debug.xcconfig */;
			buildSettings = {
				ASSETCATALOG_COMPILER_APPICON_NAME = AppIcon;
				DEVELOPMENT_TEAM = V7Z27TG6NM;
				INFOPLIST_FILE = MapDemo/Info.plist;
				LD_RUNPATH_SEARCH_PATHS = "$(inherited) @executable_path/Frameworks";
				PRODUCT_BUNDLE_IDENTIFIER = com.nqntan.MapDemo;
				PRODUCT_NAME = "$(TARGET_NAME)";
				SWIFT_VERSION = 3.0;
			};
			name = Debug;
		};
		8660A4721DE1B38F00F14120 /* Release */ = {
			isa = XCBuildConfiguration;
			baseConfigurationReference = 5D2F553E90A146F5E2447B24 /* Pods-MapDemo.release.xcconfig */;
			buildSettings = {
				ASSETCATALOG_COMPILER_APPICON_NAME = AppIcon;
				DEVELOPMENT_TEAM = V7Z27TG6NM;
				INFOPLIST_FILE = MapDemo/Info.plist;
				LD_RUNPATH_SEARCH_PATHS = "$(inherited) @executable_path/Frameworks";
				PRODUCT_BUNDLE_IDENTIFIER = com.nqntan.MapDemo;
				PRODUCT_NAME = "$(TARGET_NAME)";
				SWIFT_VERSION = 3.0;
			};
			name = Release;
		};
/* End XCBuildConfiguration section */

/* Begin XCConfigurationList section */
		8660A4591DE1B38F00F14120 /* Build configuration list for PBXProject "MapDemo" */ = {
			isa = XCConfigurationList;
			buildConfigurations = (
				8660A46E1DE1B38F00F14120 /* Debug */,
				8660A46F1DE1B38F00F14120 /* Release */,
			);
			defaultConfigurationIsVisible = 0;
			defaultConfigurationName = Release;
		};
		8660A4701DE1B38F00F14120 /* Build configuration list for PBXNativeTarget "MapDemo" */ = {
			isa = XCConfigurationList;
			buildConfigurations = (
				8660A4711DE1B38F00F14120 /* Debug */,
				8660A4721DE1B38F00F14120 /* Release */,
			);
			defaultConfigurationIsVisible = 0;
		};
/* End XCConfigurationList section */
	};
	rootObject = 8660A4561DE1B38F00F14120 /* Project object */;
}
